
Microsoft Visual Studio Solution File, Format Version 12.00
# Visual Studio Version 17
VisualStudioVersion = 17.5.002.0
MinimumVisualStudioVersion = 10.0.40219.1
Project("{9A19103F-16F7-4668-BE54-9A1E7A4F7556}") = "Inventory", "Inventory.csproj", "{21680843-8449-41AC-B27D-0524DC949A91}"
EndProject
Global
	GlobalSection(SolutionConfigurationPlatforms) = preSolution
		Debug|Any CPU = Debug|Any CPU
		Release|Any CPU = Release|Any CPU
	EndGlobalSection
	GlobalSection(ProjectConfigurationPlatforms) = postSolution
		{21680843-8449-41AC-B27D-0524DC949A91}.Debug|Any CPU.ActiveCfg = Debug|Any CPU
		{21680843-8449-41AC-B27D-0524DC949A91}.Debug|Any CPU.Build.0 = Debug|Any CPU
		{21680843-8449-41AC-B27D-0524DC949A91}.Release|Any CPU.ActiveCfg = Release|Any CPU
		{21680843-8449-41AC-B27D-0524DC949A91}.Release|Any CPU.Build.0 = Release|Any CPU
	EndGlobalSection
	GlobalSection(SolutionProperties) = preSolution
		HideSolutionNode = FALSE
	EndGlobalSection
	GlobalSection(ExtensibilityGlobals) = postSolution
		SolutionGuid = {F7B4246D-6FC8-44D0-8BB9-E6342A28A4EC}
	EndGlobalSection
EndGlobal
